
Microsoft Visual Studio Solution File, Format Version 12.00
# Visual Studio 15
Project("{FAE04EC0-301F-11D3-BF4B-00C04F79EFBC}") = "Qoopen.ParticlePhysics", "Qoopen.ParticlePhysics.csproj", "{92B6EE48-4213-CF2D-B513-A907E04EFB5A}"
EndProject
Project("{FAE04EC0-301F-11D3-BF4B-00C04F79EFBC}") = "Assembly-CSharp", "Assembly-CSharp.csproj", "{A0410313-FD7D-9292-54BE-088165902B49}"
EndProject
Project("{FAE04EC0-301F-11D3-BF4B-00C04F79EFBC}") = "Assembly-CSharp-Editor", "Assembly-CSharp-Editor.csproj", "{913C0736-FFC9-BB5C-8F39-E220A8BC5D6F}"
EndProject
Global
	GlobalSection(SolutionConfigurationPlatforms) = preSolution
		Debug|Any CPU = Debug|Any CPU
		Release|Any CPU = Release|Any CPU
	EndGlobalSection
	GlobalSection(ProjectConfigurationPlatforms) = postSolution
		{92B6EE48-4213-CF2D-B513-A907E04EFB5A}.Debug|Any CPU.ActiveCfg = Debug|Any CPU
		{92B6EE48-4213-CF2D-B513-A907E04EFB5A}.Debug|Any CPU.Build.0 = Debug|Any CPU
		{92B6EE48-4213-CF2D-B513-A907E04EFB5A}.Release|Any CPU.ActiveCfg = Release|Any CPU
		{92B6EE48-4213-CF2D-B513-A907E04EFB5A}.Release|Any CPU.Build.0 = Release|Any CPU
		{A0410313-FD7D-9292-54BE-088165902B49}.Debug|Any CPU.ActiveCfg = Debug|Any CPU
		{A0410313-FD7D-9292-54BE-088165902B49}.Debug|Any CPU.Build.0 = Debug|Any CPU
		{A0410313-FD7D-9292-54BE-088165902B49}.Release|Any CPU.ActiveCfg = Release|Any CPU
		{A0410313-FD7D-9292-54BE-088165902B49}.Release|Any CPU.Build.0 = Release|Any CPU
		{913C0736-FFC9-BB5C-8F39-E220A8BC5D6F}.Debug|Any CPU.ActiveCfg = Debug|Any CPU
		{913C0736-FFC9-BB5C-8F39-E220A8BC5D6F}.Debug|Any CPU.Build.0 = Debug|Any CPU
		{913C0736-FFC9-BB5C-8F39-E220A8BC5D6F}.Release|Any CPU.ActiveCfg = Release|Any CPU
		{913C0736-FFC9-BB5C-8F39-E220A8BC5D6F}.Release|Any CPU.Build.0 = Release|Any CPU
	EndGlobalSection
	GlobalSection(SolutionProperties) = preSolution
		HideSolutionNode = FALSE
	EndGlobalSection
EndGlobal
